
Microsoft Visual Studio Solution File, Format Version 12.00
# Visual Studio 15
VisualStudioVersion = 15.0.27130.2027
MinimumVisualStudioVersion = 10.0.40219.1
Project("{9A19103F-16F7-4668-BE54-9A1E7A4F7556}") = "EntityFX.ScoreboardUI", "EntityFX.ScoreboardUI\EntityFX.ScoreboardUI.csproj", "{E3989F5D-632D-4625-982D-F4651133B0C8}"
EndProject
Project("{9A19103F-16F7-4668-BE54-9A1E7A4F7556}") = "EntityFX.ScoreboardUI.TestExample", "EntityFX.ScoreboardUI.TestExample\EntityFX.ScoreboardUI.TestExample.csproj", "{FDC7940C-27DE-4238-B875-7FB6DA98705C}"
EndProject
Global
	GlobalSection(SolutionConfigurationPlatforms) = preSolution
		Debug|Any CPU = Debug|Any CPU
		Release|Any CPU = Release|Any CPU
	EndGlobalSection
	GlobalSection(ProjectConfigurationPlatforms) = postSolution
		{E3989F5D-632D-4625-982D-F4651133B0C8}.Debug|Any CPU.ActiveCfg = Debug|Any CPU
		{E3989F5D-632D-4625-982D-F4651133B0C8}.Debug|Any CPU.Build.0 = Debug|Any CPU
		{E3989F5D-632D-4625-982D-F4651133B0C8}.Release|Any CPU.ActiveCfg = Release|Any CPU
		{E3989F5D-632D-4625-982D-F4651133B0C8}.Release|Any CPU.Build.0 = Release|Any CPU
		{FDC7940C-27DE-4238-B875-7FB6DA98705C}.Debug|Any CPU.ActiveCfg = Debug|Any CPU
		{FDC7940C-27DE-4238-B875-7FB6DA98705C}.Debug|Any CPU.Build.0 = Debug|Any CPU
		{FDC7940C-27DE-4238-B875-7FB6DA98705C}.Release|Any CPU.ActiveCfg = Release|Any CPU
		{FDC7940C-27DE-4238-B875-7FB6DA98705C}.Release|Any CPU.Build.0 = Release|Any CPU
	EndGlobalSection
	GlobalSection(SolutionProperties) = preSolution
		HideSolutionNode = FALSE
	EndGlobalSection
	GlobalSection(ExtensibilityGlobals) = postSolution
		SolutionGuid = {8622041C-A53E-4034-A6AC-BF68EF6DC261}
	EndGlobalSection
EndGlobal
